# THIS IS AN AUTOGENERATED FILE. DO NOT EDIT THIS FILE DIRECTLY.
# yarn lockfile v1


"@metamask/legacy-web3@^2.0.0":
  "integrity" "sha512-hR5sbVR0wU3sXMXx2btRBKYzzTkBNTYoZbPHqqB7UARwxm9yEe9C/Y79YyciyzC9cnKetNV6s6VAwNQp5LNpLw=="
  "resolved" "https://registry.npmjs.org/@metamask/legacy-web3/-/legacy-web3-2.0.0.tgz"
  "version" "2.0.0"
